
Microsoft Visual Studio Solution File, Format Version 12.00
# Visual Studio Version 17
VisualStudioVersion = 17.0.31903.59
MinimumVisualStudioVersion = 10.0.40219.1
Project("{2150E333-8FDC-42A3-9474-1A3956D46DE8}") = "src", "src", "{CAFACEB1-86CA-44E0-B2D9-B5839A53256D}"
EndProject
Project("{FAE04EC0-301F-11D3-BF4B-00C04F79EFBC}") = "Bot.OKEXApi", "src\Bot.OKEXApi\Bot.OKEXApi.csproj", "{87F861D4-ADB4-4FF0-B1C6-0F3FE2CCA0DC}"
EndProject
Project("{FAE04EC0-301F-11D3-BF4B-00C04F79EFBC}") = "Bot.Api", "src\Bot.Api\Bot.Api.csproj", "{ADD31946-F5F8-4C88-BB46-5BF12741892C}"
EndProject
Project("{FAE04EC0-301F-11D3-BF4B-00C04F79EFBC}") = "Bot.Core", "src\Bot.Core\Bot.Core.csproj", "{BBE18567-271E-48D6-8081-F9ACD98485E8}"
EndProject
Global
	GlobalSection(SolutionConfigurationPlatforms) = preSolution
		Debug|Any CPU = Debug|Any CPU
		Release|Any CPU = Release|Any CPU
	EndGlobalSection
	GlobalSection(SolutionProperties) = preSolution
		HideSolutionNode = FALSE
	EndGlobalSection
	GlobalSection(ProjectConfigurationPlatforms) = postSolution
		{87F861D4-ADB4-4FF0-B1C6-0F3FE2CCA0DC}.Debug|Any CPU.ActiveCfg = Debug|Any CPU
		{87F861D4-ADB4-4FF0-B1C6-0F3FE2CCA0DC}.Debug|Any CPU.Build.0 = Debug|Any CPU
		{87F861D4-ADB4-4FF0-B1C6-0F3FE2CCA0DC}.Release|Any CPU.ActiveCfg = Release|Any CPU
		{87F861D4-ADB4-4FF0-B1C6-0F3FE2CCA0DC}.Release|Any CPU.Build.0 = Release|Any CPU
		{ADD31946-F5F8-4C88-BB46-5BF12741892C}.Debug|Any CPU.ActiveCfg = Debug|Any CPU
		{ADD31946-F5F8-4C88-BB46-5BF12741892C}.Debug|Any CPU.Build.0 = Debug|Any CPU
		{ADD31946-F5F8-4C88-BB46-5BF12741892C}.Release|Any CPU.ActiveCfg = Release|Any CPU
		{ADD31946-F5F8-4C88-BB46-5BF12741892C}.Release|Any CPU.Build.0 = Release|Any CPU
		{BBE18567-271E-48D6-8081-F9ACD98485E8}.Debug|Any CPU.ActiveCfg = Debug|Any CPU
		{BBE18567-271E-48D6-8081-F9ACD98485E8}.Debug|Any CPU.Build.0 = Debug|Any CPU
		{BBE18567-271E-48D6-8081-F9ACD98485E8}.Release|Any CPU.ActiveCfg = Release|Any CPU
		{BBE18567-271E-48D6-8081-F9ACD98485E8}.Release|Any CPU.Build.0 = Release|Any CPU
	EndGlobalSection
	GlobalSection(NestedProjects) = preSolution
		{87F861D4-ADB4-4FF0-B1C6-0F3FE2CCA0DC} = {CAFACEB1-86CA-44E0-B2D9-B5839A53256D}
		{ADD31946-F5F8-4C88-BB46-5BF12741892C} = {CAFACEB1-86CA-44E0-B2D9-B5839A53256D}
		{BBE18567-271E-48D6-8081-F9ACD98485E8} = {CAFACEB1-86CA-44E0-B2D9-B5839A53256D}
	EndGlobalSection
EndGlobal
